hash: 46a40562b50f78a6668ea8f6b9287e0a07686efe59fc17688c83faa0a0a5a552
updated: 2017-03-29T16:23:41.344759944-04:00
imports:
- name: github.com/containernetworking/cni
  version: 0799f5732f2a11b329d9e3d51b9c8f2e3759f2ff
  subpackages:
  - libcni
  - pkg/invoke
  - pkg/types
  - pkg/types/020
  - pkg/types/current
  - pkg/version
- name: github.com/coreos/go-iptables
  version: fbb73372b87f6e89951c2b6b31470c2c9d5cfae3
  subpackages:
  - iptables
- name: github.com/ehazlett/simplelog
  version: 9fcd579ee7c6aae0b6ea538bc276dedf3ee98e6c
- name: github.com/inconshreveable/mousetrap
  version: 76626ae9c91c4f2a10f34cad8ce83ea42c93bb75
- name: github.com/Sirupsen/logrus
  version: 26709e2714106fb8ad40b773b711ebce25b78914
- name: github.com/sirupsen/logrus
  version: ba1b36c82c5e05c4f912a88eab0dcd91a171688f
- name: github.com/spf13/cobra
  version: 0f056af21f5f368e5b0646079d0094a2c64150f7
- name: github.com/spf13/pflag
  version: a9a634f3de0a7529baded7ad6b0c7467d5c6eca7
- name: github.com/tehnerd/gnl2go
  version: 101b5c6e2d44eb00fbfe85917ffc0bf95249977b
- name: github.com/vishvananda/netlink
  version: da7420cab5e209195f5f7387fccd4c7f48758d30
  subpackages:
  - nl
- name: github.com/vishvananda/netns
  version: 8ba1072b58e0c2a240eb5f6120165c7776c3e7b8
- name: golang.org/x/sys
  version: 076b546753157f758b316e59bcb51e6807c04057
  subpackages:
  - unix
testImports: []
