hash: 1c556090c08bd7db280aaed5900062dde034c3c4a276f636db9d8e891ebdd250
updated: 2017-02-02T09:17:27.512837274-05:00
imports:
- name: github.com/containernetworking/cni
  version: 530dd71e193012895ff7beee42cd64a02e1993da
  subpackages:
  - libcni
  - pkg/invoke
  - pkg/types
  - pkg/version
- name: github.com/coreos/go-iptables
  version: 5463fbac3bcc6b990663941c2e12660d19f6b36d
  subpackages:
  - iptables
- name: github.com/ehazlett/simplelog
  version: 9fcd579ee7c6aae0b6ea538bc276dedf3ee98e6c
- name: github.com/inconshreveable/mousetrap
  version: 76626ae9c91c4f2a10f34cad8ce83ea42c93bb75
- name: github.com/Sirupsen/logrus
  version: d26492970760ca5d33129d2d799e34be5c4782eb
- name: github.com/sirupsen/logrus
  version: d26492970760ca5d33129d2d799e34be5c4782eb
- name: github.com/spf13/cobra
  version: 0f056af21f5f368e5b0646079d0094a2c64150f7
- name: github.com/spf13/pflag
  version: a9a634f3de0a7529baded7ad6b0c7467d5c6eca7
- name: github.com/tehnerd/gnl2go
  version: 101b5c6e2d44eb00fbfe85917ffc0bf95249977b
- name: github.com/vishvananda/netlink
  version: da7420cab5e209195f5f7387fccd4c7f48758d30
  subpackages:
  - nl
- name: github.com/vishvananda/netns
  version: 8ba1072b58e0c2a240eb5f6120165c7776c3e7b8
- name: golang.org/x/sys
  version: 076b546753157f758b316e59bcb51e6807c04057
  subpackages:
  - unix
testImports: []
